
Microsoft Visual Studio Solution File, Format Version 12.00
# Visual Studio Version 17
VisualStudioVersion = 17.13.35828.75 d17.13
MinimumVisualStudioVersion = 10.0.40219.1
Project("{FAE04EC0-301F-11D3-BF4B-00C04F79EFBC}") = "pdf-to-word-converter", "pdf-to-word-converter.csproj", "{0A1C7165-91F1-4876-8107-D58F5A9B546A}"
EndProject
Global
	GlobalSection(SolutionConfigurationPlatforms) = preSolution
		Debug|Any CPU = Debug|Any CPU
		Release|Any CPU = Release|Any CPU
	EndGlobalSection
	GlobalSection(ProjectConfigurationPlatforms) = postSolution
		{0A1C7165-91F1-4876-8107-D58F5A9B546A}.Debug|Any CPU.ActiveCfg = Debug|Any CPU
		{0A1C7165-91F1-4876-8107-D58F5A9B546A}.Debug|Any CPU.Build.0 = Debug|Any CPU
		{0A1C7165-91F1-4876-8107-D58F5A9B546A}.Release|Any CPU.ActiveCfg = Release|Any CPU
		{0A1C7165-91F1-4876-8107-D58F5A9B546A}.Release|Any CPU.Build.0 = Release|Any CPU
	EndGlobalSection
	GlobalSection(SolutionProperties) = preSolution
		HideSolutionNode = FALSE
	EndGlobalSection
	GlobalSection(ExtensibilityGlobals) = postSolution
		SolutionGuid = {5CAAE3A5-85D1-4C7D-8C32-62CF4A6C1A4D}
	EndGlobalSection
EndGlobal
